
Microsoft Visual Studio Solution File, Format Version 12.00
# Visual Studio Version 17
VisualStudioVersion = 17.2.32526.322
MinimumVisualStudioVersion = 10.0.40219.1
Project("{FAE04EC0-301F-11D3-BF4B-00C04F79EFBC}") = "24ayaRabota", "24ayaRabota.csproj", "{3598E9BF-585D-4DDF-8FCD-018A6157EB7A}"
EndProject
Global
	GlobalSection(SolutionConfigurationPlatforms) = preSolution
		Debug|Any CPU = Debug|Any CPU
		Release|Any CPU = Release|Any CPU
	EndGlobalSection
	GlobalSection(ProjectConfigurationPlatforms) = postSolution
		{3598E9BF-585D-4DDF-8FCD-018A6157EB7A}.Debug|Any CPU.ActiveCfg = Debug|Any CPU
		{3598E9BF-585D-4DDF-8FCD-018A6157EB7A}.Debug|Any CPU.Build.0 = Debug|Any CPU
		{3598E9BF-585D-4DDF-8FCD-018A6157EB7A}.Release|Any CPU.ActiveCfg = Release|Any CPU
		{3598E9BF-585D-4DDF-8FCD-018A6157EB7A}.Release|Any CPU.Build.0 = Release|Any CPU
	EndGlobalSection
	GlobalSection(SolutionProperties) = preSolution
		HideSolutionNode = FALSE
	EndGlobalSection
	GlobalSection(ExtensibilityGlobals) = postSolution
		SolutionGuid = {E6CB1D29-C7D3-454F-AA67-649909F74195}
	EndGlobalSection
EndGlobal
